
Microsoft Visual Studio Solution File, Format Version 12.00
# Visual Studio 14
VisualStudioVersion = 14.0.25420.1
MinimumVisualStudioVersion = 10.0.40219.1
Project("{FAE04EC0-301F-11D3-BF4B-00C04F79EFBC}") = "Airlines", "Airlines\Airlines.csproj", "{754A4A66-36CF-448B-AD93-2189211F44B9}"
EndProject
Project("{2150E333-8FDC-42A3-9474-1A3956D46DE8}") = "PublishScripts", "PublishScripts", "{22BE3D68-535C-4AF0-B206-DF605384E6F2}"
	ProjectSection(SolutionItems) = preProject
		PublishScripts\AzureVMPublishModule.psm1 = PublishScripts\AzureVMPublishModule.psm1
		PublishScripts\Publish-WebApplicationVM.ps1 = PublishScripts\Publish-WebApplicationVM.ps1
	EndProjectSection
EndProject
Project("{2150E333-8FDC-42A3-9474-1A3956D46DE8}") = "Configurations", "Configurations", "{E287CF73-4270-4E98-A444-BE73533BF6BE}"
	ProjectSection(SolutionItems) = preProject
		PublishScripts\Configurations\Airlines-VM-dev.json = PublishScripts\Configurations\Airlines-VM-dev.json
	EndProjectSection
EndProject
Global
	GlobalSection(SolutionConfigurationPlatforms) = preSolution
		Debug|Any CPU = Debug|Any CPU
		Release|Any CPU = Release|Any CPU
	EndGlobalSection
	GlobalSection(ProjectConfigurationPlatforms) = postSolution
		{754A4A66-36CF-448B-AD93-2189211F44B9}.Debug|Any CPU.ActiveCfg = Debug|Any CPU
		{754A4A66-36CF-448B-AD93-2189211F44B9}.Debug|Any CPU.Build.0 = Debug|Any CPU
		{754A4A66-36CF-448B-AD93-2189211F44B9}.Release|Any CPU.ActiveCfg = Release|Any CPU
		{754A4A66-36CF-448B-AD93-2189211F44B9}.Release|Any CPU.Build.0 = Release|Any CPU
	EndGlobalSection
	GlobalSection(SolutionProperties) = preSolution
		HideSolutionNode = FALSE
	EndGlobalSection
	GlobalSection(NestedProjects) = preSolution
		{E287CF73-4270-4E98-A444-BE73533BF6BE} = {22BE3D68-535C-4AF0-B206-DF605384E6F2}
	EndGlobalSection
EndGlobal
